
Microsoft Visual Studio Solution File, Format Version 12.00
# Visual Studio Version 17
VisualStudioVersion = 17.6.33829.357
MinimumVisualStudioVersion = 10.0.40219.1
Project("{FAE04EC0-301F-11D3-BF4B-00C04F79EFBC}") = "FIT5032_MyFirstUnitTests", "FIT5032_MyFirstUnitTests.csproj", "{8963E70C-B02B-4098-ABED-7014F0839764}"
EndProject
Project("{FAE04EC0-301F-11D3-BF4B-00C04F79EFBC}") = "FIT5032_MyFirstUnitTests.Tests", "..\FIT5032_MyFirstUnitTests.Tests\FIT5032_MyFirstUnitTests.Tests.csproj", "{8712CCFC-0887-49E3-8503-1CE41477BA93}"
EndProject
Global
	GlobalSection(SolutionConfigurationPlatforms) = preSolution
		Debug|Any CPU = Debug|Any CPU
		Release|Any CPU = Release|Any CPU
	EndGlobalSection
	GlobalSection(ProjectConfigurationPlatforms) = postSolution
		{8963E70C-B02B-4098-ABED-7014F0839764}.Debug|Any CPU.ActiveCfg = Debug|Any CPU
		{8963E70C-B02B-4098-ABED-7014F0839764}.Debug|Any CPU.Build.0 = Debug|Any CPU
		{8963E70C-B02B-4098-ABED-7014F0839764}.Release|Any CPU.ActiveCfg = Release|Any CPU
		{8963E70C-B02B-4098-ABED-7014F0839764}.Release|Any CPU.Build.0 = Release|Any CPU
		{8712CCFC-0887-49E3-8503-1CE41477BA93}.Debug|Any CPU.ActiveCfg = Debug|Any CPU
		{8712CCFC-0887-49E3-8503-1CE41477BA93}.Debug|Any CPU.Build.0 = Debug|Any CPU
		{8712CCFC-0887-49E3-8503-1CE41477BA93}.Release|Any CPU.ActiveCfg = Release|Any CPU
		{8712CCFC-0887-49E3-8503-1CE41477BA93}.Release|Any CPU.Build.0 = Release|Any CPU
	EndGlobalSection
	GlobalSection(SolutionProperties) = preSolution
		HideSolutionNode = FALSE
	EndGlobalSection
	GlobalSection(ExtensibilityGlobals) = postSolution
		SolutionGuid = {9FC45951-88C8-44C0-9CE5-862B6D1FCE74}
	EndGlobalSection
EndGlobal
